
Microsoft Visual Studio Solution File, Format Version 12.00
# Visual Studio Version 16
VisualStudioVersion = 16.0.29418.71
MinimumVisualStudioVersion = 10.0.40219.1
Project("{FAE04EC0-301F-11D3-BF4B-00C04F79EFBC}") = "HuaweiSwitcher", "HuaweiSwitcher\HuaweiSwitcher.csproj", "{DCCD76DE-7E2B-4D54-A591-292B5BB0626E}"
EndProject
Project("{FAE04EC0-301F-11D3-BF4B-00C04F79EFBC}") = "HuaweiSwitcherTester", "HuaweiSwitcherTester\HuaweiSwitcherTester.csproj", "{7845CE0B-C519-4052-B190-8A5691116300}"
EndProject
Global
	GlobalSection(SolutionConfigurationPlatforms) = preSolution
		Debug|Any CPU = Debug|Any CPU
		Release|Any CPU = Release|Any CPU
	EndGlobalSection
	GlobalSection(ProjectConfigurationPlatforms) = postSolution
		{DCCD76DE-7E2B-4D54-A591-292B5BB0626E}.Debug|Any CPU.ActiveCfg = Debug|Any CPU
		{DCCD76DE-7E2B-4D54-A591-292B5BB0626E}.Debug|Any CPU.Build.0 = Debug|Any CPU
		{DCCD76DE-7E2B-4D54-A591-292B5BB0626E}.Release|Any CPU.ActiveCfg = Release|Any CPU
		{DCCD76DE-7E2B-4D54-A591-292B5BB0626E}.Release|Any CPU.Build.0 = Release|Any CPU
		{7845CE0B-C519-4052-B190-8A5691116300}.Debug|Any CPU.ActiveCfg = Debug|Any CPU
		{7845CE0B-C519-4052-B190-8A5691116300}.Debug|Any CPU.Build.0 = Debug|Any CPU
		{7845CE0B-C519-4052-B190-8A5691116300}.Release|Any CPU.ActiveCfg = Release|Any CPU
		{7845CE0B-C519-4052-B190-8A5691116300}.Release|Any CPU.Build.0 = Release|Any CPU
	EndGlobalSection
	GlobalSection(SolutionProperties) = preSolution
		HideSolutionNode = FALSE
	EndGlobalSection
	GlobalSection(ExtensibilityGlobals) = postSolution
		SolutionGuid = {995C68B8-08F4-4F3E-A482-CDAF2CD56F32}
	EndGlobalSection
EndGlobal
